
Microsoft Visual Studio Solution File, Format Version 12.00
# Visual Studio Version 17
VisualStudioVersion = 17.5.33414.496
MinimumVisualStudioVersion = 10.0.40219.1
Project("{FAE04EC0-301F-11D3-BF4B-00C04F79EFBC}") = "Hospital_Management", "Hospital_Management.csproj", "{248AF807-C77C-453E-9C72-5C1CCFCD27ED}"
EndProject
Global
	GlobalSection(SolutionConfigurationPlatforms) = preSolution
		Debug|Any CPU = Debug|Any CPU
		Release|Any CPU = Release|Any CPU
	EndGlobalSection
	GlobalSection(ProjectConfigurationPlatforms) = postSolution
		{248AF807-C77C-453E-9C72-5C1CCFCD27ED}.Debug|Any CPU.ActiveCfg = Debug|Any CPU
		{248AF807-C77C-453E-9C72-5C1CCFCD27ED}.Debug|Any CPU.Build.0 = Debug|Any CPU
		{248AF807-C77C-453E-9C72-5C1CCFCD27ED}.Release|Any CPU.ActiveCfg = Release|Any CPU
		{248AF807-C77C-453E-9C72-5C1CCFCD27ED}.Release|Any CPU.Build.0 = Release|Any CPU
	EndGlobalSection
	GlobalSection(SolutionProperties) = preSolution
		HideSolutionNode = FALSE
	EndGlobalSection
	GlobalSection(ExtensibilityGlobals) = postSolution
		SolutionGuid = {DB46FE66-82D8-4B1C-ABBA-A4E2303BAE38}
	EndGlobalSection
EndGlobal
